<?xml version="1.0" encoding="utf-8"?>
<Project ToolsVersion="4.0" xmlns="http://schemas.microsoft.com/developer/msbuild/2003">
  <ItemGroup>
    <Filter Include="Source Files">
      <UniqueIdentifier>{4FC737F1-C7A5-4376-A066-2A32D752A2FF}</UniqueIdentifier>
      <Extensions>cpp;c;cc;cxx;c++;cppm;ixx;def;odl;idl;hpj;bat;asm;asmx</Extensions>
    </Filter>
    <Filter Include="Header Files">
      <UniqueIdentifier>{93995380-89BD-4b04-88EB-625FBE52EBFB}</UniqueIdentifier>
      <Extensions>h;hh;hpp;hxx;h++;hm;inl;inc;ipp;xsd</Extensions>
    </Filter>
    <Filter Include="Resource Files">
      <UniqueIdentifier>{67DA6AB6-F800-4c08-8B7A-83BB121AAD01}</UniqueIdentifier>
      <Extensions>rc;ico;cur;bmp;dlg;rc2;rct;bin;rgs;gif;jpg;jpeg;jpe;resx;tiff;tif;png;wav;mfcribbon-ms</Extensions>
    </Filter>
  </ItemGroup>
  <ItemGroup>
    <ClInclude Include="include\CharacterStuff\Attributes.h">
      <Filter>Header Files</Filter>
    </ClInclude>
    <ClInclude Include="include\CharacterStuff\Armors\Armor.h">
      <Filter>Header Files</Filter>
    </ClInclude>
    <ClInclude Include="include\CharacterStuff\Armors\ArmorType.h">
      <Filter>Header Files</Filter>
    </ClInclude>
    <ClInclude Include="include\CharacterStuff\Armors\IArmorStorage.h">
      <Filter>Header Files</Filter>
    </ClInclude>
    <ClInclude Include="include\CharacterStuff\Armors\ArmorStorage.h">
      <Filter>Header Files</Filter>
    </ClInclude>
    <ClInclude Include="include\Common\Configs\IConfig.h">
      <Filter>Header Files</Filter>
    </ClInclude>
    <ClInclude Include="include\Common\Configs\Config.h">
      <Filter>Header Files</Filter>
    </ClInclude>
    <ClInclude Include="include\CharacterStuff\Weapons\Weapon.h">
      <Filter>Header Files</Filter>
    </ClInclude>
    <ClInclude Include="include\CharacterStuff\Weapons\IWeaponStorage.h">
      <Filter>Header Files</Filter>
    </ClInclude>
    <ClInclude Include="include\CharacterStuff\Weapons\WeaponStorage.h">
      <Filter>Header Files</Filter>
    </ClInclude>
    <ClInclude Include="include\CharacterStuff\IAttributesFactory.h">
      <Filter>Header Files</Filter>
    </ClInclude>
    <ClInclude Include="include\CharacterStuff\AttributesFactory.h">
      <Filter>Header Files</Filter>
    </ClInclude>
    <ClInclude Include="include\Characters\Player.h">
      <Filter>Header Files</Filter>
    </ClInclude>
    <ClInclude Include="include\Characters\ICharacterFactory.h">
      <Filter>Header Files</Filter>
    </ClInclude>
    <ClInclude Include="include\Characters\CharacterFactory.h">
      <Filter>Header Files</Filter>
    </ClInclude>
    <ClInclude Include="include\Characters\Bots\Bot.h">
      <Filter>Header Files</Filter>
    </ClInclude>
    <ClInclude Include="include\Characters\Bots\IBotFactory.h">
      <Filter>Header Files</Filter>
    </ClInclude>
    <ClInclude Include="include\Characters\Bots\BotFactory.h">
      <Filter>Header Files</Filter>
    </ClInclude>
    <ClInclude Include="include\IO\Savers\GameDataProcesser.h">
      <Filter>Header Files</Filter>
    </ClInclude>
    <ClInclude Include="include\IO\Savers\JsonGameDataProcesser.h">
      <Filter>Header Files</Filter>
    </ClInclude>
    <ClInclude Include="include\Battle\Battle.h">
      <Filter>Header Files</Filter>
    </ClInclude>
    <ClInclude Include="include\Battle\IBattle.h">
      <Filter>Header Files</Filter>
    </ClInclude>
    <ClInclude Include="include\Common\Configs\IPlayerConfig.h">
      <Filter>Header Files</Filter>
    </ClInclude>
    <ClInclude Include="include\Common\Configs\PlayerConfig.h">
      <Filter>Header Files</Filter>
    </ClInclude>
    <ClInclude Include="include\IO\IMessageDisplayer.h">
      <Filter>Header Files</Filter>
    </ClInclude>
    <ClInclude Include="include\IO\IInputProcesser.h">
      <Filter>Header Files</Filter>
    </ClInclude>
    <ClInclude Include="include\Battle\Fighters\FighterFactory.h">
      <Filter>Header Files</Filter>
    </ClInclude>
    <ClInclude Include="include\Battle\Fighters\IFighterFactory.h">
      <Filter>Header Files</Filter>
    </ClInclude>
    <ClInclude Include="include\Characters\Character.h">
      <Filter>Header Files</Filter>
    </ClInclude>
    <ClInclude Include="include\Characters\CharacterType.h">
      <Filter>Header Files</Filter>
    </ClInclude>
    <ClInclude Include="include\CharacterStuff\Equipment.h">
      <Filter>Header Files</Filter>
    </ClInclude>
    <ClInclude Include="include\Battle\Fighters\BotFighter.h">
      <Filter>Header Files</Filter>
    </ClInclude>
    <ClInclude Include="include\Battle\Fighters\Fighter.h">
      <Filter>Header Files</Filter>
    </ClInclude>
    <ClInclude Include="include\Battle\Fighters\PlayerFighter.h">
      <Filter>Header Files</Filter>
    </ClInclude>
    <ClInclude Include="include\CharacterStuff\Inventory.h">
      <Filter>Header Files</Filter>
    </ClInclude>
    <ClInclude Include="src\headers\Battle\DamageCalculator.h">
      <Filter>Header Files</Filter>
    </ClInclude>
    <ClInclude Include="src\headers\Common\RandomGenerator.h">
      <Filter>Header Files</Filter>
    </ClInclude>
    <ClInclude Include="src\headers\IO\JsonAttributes.h">
      <Filter>Header Files</Filter>
    </ClInclude>
    <ClInclude Include="include\CharacterStuff\DynamicEquipment.h">
      <Filter>Header Files</Filter>
    </ClInclude>
    <ClInclude Include="include\CharacterStuff\StaticEquipment.h">
      <Filter>Header Files</Filter>
    </ClInclude>
    <ClInclude Include="include\Common\Configs\ConfigKeys.h">
      <Filter>Header Files</Filter>
    </ClInclude>
    <ClInclude Include="include\CharacterStuff\IInventoryManager.h">
      <Filter>Header Files</Filter>
    </ClInclude>
    <ClInclude Include="src\headers\CharacterStuff\AttributeConsts.h">
      <Filter>Header Files</Filter>
    </ClInclude>
    <ClInclude Include="include\CharacterStuff\AttributeType.h">
      <Filter>Header Files</Filter>
    </ClInclude>
    <ClInclude Include="include\CharacterStuff\BaseAttributesManager.h">
      <Filter>Header Files</Filter>
    </ClInclude>
    <ClInclude Include="include\CharacterStuff\IAttributesManager.h">
      <Filter>Header Files</Filter>
    </ClInclude>
    <ClInclude Include="include\CharacterStuff\BodyPart.h">
      <Filter>Header Files</Filter>
    </ClInclude>
    <ClInclude Include="include\CharacterStuff\Abilities\Ability.h">
      <Filter>Header Files</Filter>
    </ClInclude>
    <ClInclude Include="include\CharacterStuff\Abilities\AbilitiesContainer.h">
      <Filter>Header Files</Filter>
    </ClInclude>
    <ClInclude Include="include\CharacterStuff\Abilities\DynamicAbilitiesContainer.h">
      <Filter>Header Files</Filter>
    </ClInclude>
    <ClInclude Include="include\CharacterStuff\Abilities\IAbilitiesManager.h">
      <Filter>Header Files</Filter>
    </ClInclude>
    <ClInclude Include="include\CharacterStuff\Abilities\IAbilitiesStorage.h">
      <Filter>Header Files</Filter>
    </ClInclude>
    <ClInclude Include="include\CharacterStuff\Abilities\AbilitiesStorage.h">
      <Filter>Header Files</Filter>
    </ClInclude>
    <ClInclude Include="include\Exceptions\not_found_exception.h">
      <Filter>Header Files</Filter>
    </ClInclude>
    <ClInclude Include="include\CharacterStuff\Abilities\AbilityType.h">
      <Filter>Header Files</Filter>
    </ClInclude>
    <ClInclude Include="include\CharacterStuff\Abilities\IAbilitiesDisplayer.h">
      <Filter>Header Files</Filter>
    </ClInclude>
  </ItemGroup>
  <ItemGroup>
    <ClCompile Include="src\CharacterStuff\Armors\ArmorStorage.cpp">
      <Filter>Source Files</Filter>
    </ClCompile>
    <ClCompile Include="src\IO\JsonAttributes.cpp">
      <Filter>Source Files</Filter>
    </ClCompile>
    <ClCompile Include="src\Common\RandomGenerator.cpp">
      <Filter>Source Files</Filter>
    </ClCompile>
    <ClCompile Include="src\Common\Configs\ConfigKeys.cpp">
      <Filter>Source Files</Filter>
    </ClCompile>
    <ClCompile Include="src\Common\Configs\Config.cpp">
      <Filter>Source Files</Filter>
    </ClCompile>
    <ClCompile Include="src\CharacterStuff\Weapons\WeaponStorage.cpp">
      <Filter>Source Files</Filter>
    </ClCompile>
    <ClCompile Include="src\CharacterStuff\Inventory.cpp">
      <Filter>Source Files</Filter>
    </ClCompile>
    <ClCompile Include="src\Characters\CharacterFactory.cpp">
      <Filter>Source Files</Filter>
    </ClCompile>
    <ClCompile Include="src\Characters\Bots\BotFactory.cpp">
      <Filter>Source Files</Filter>
    </ClCompile>
    <ClCompile Include="src\IO\Savers\JsonGameDataProcesser.cpp">
      <Filter>Source Files</Filter>
    </ClCompile>
    <ClCompile Include="src\Battle\Battle.cpp">
      <Filter>Source Files</Filter>
    </ClCompile>
    <ClCompile Include="src\Common\Configs\PlayerConfig.cpp">
      <Filter>Source Files</Filter>
    </ClCompile>
    <ClCompile Include="src\Battle\Fighters\BotFighter.cpp">
      <Filter>Source Files</Filter>
    </ClCompile>
    <ClCompile Include="src\Battle\Fighters\Fighter.cpp">
      <Filter>Source Files</Filter>
    </ClCompile>
    <ClCompile Include="src\Battle\Fighters\PlayerFighter.cpp">
      <Filter>Source Files</Filter>
    </ClCompile>
    <ClCompile Include="src\CharacterStuff\Equipment.cpp">
      <Filter>Source Files</Filter>
    </ClCompile>
    <ClCompile Include="src\CharacterStuff\AttributesFactory.cpp">
      <Filter>Source Files</Filter>
    </ClCompile>
    <ClCompile Include="src\Characters\Character.cpp">
      <Filter>Source Files</Filter>
    </ClCompile>
    <ClCompile Include="src\Battle\Fighters\FighterFactory.cpp">
      <Filter>Source Files</Filter>
    </ClCompile>
    <ClCompile Include="src\Characters\Player.cpp">
      <Filter>Source Files</Filter>
    </ClCompile>
    <ClCompile Include="src\Characters\Bots\Bot.cpp">
      <Filter>Source Files</Filter>
    </ClCompile>
    <ClCompile Include="src\CharacterStuff\Armors\Armor.cpp">
      <Filter>Source Files</Filter>
    </ClCompile>
    <ClCompile Include="src\CharacterStuff\Weapons\Weapon.cpp">
      <Filter>Source Files</Filter>
    </ClCompile>
    <ClCompile Include="src\CharacterStuff\Attributes.cpp">
      <Filter>Source Files</Filter>
    </ClCompile>
    <ClCompile Include="src\CharacterStuff\Armors\ArmorType.cpp">
      <Filter>Source Files</Filter>
    </ClCompile>
    <ClCompile Include="src\Characters\CharacterType.cpp">
      <Filter>Source Files</Filter>
    </ClCompile>
    <ClCompile Include="src\CharacterStuff\BaseAttributesManager.cpp">
      <Filter>Source Files</Filter>
    </ClCompile>
    <ClCompile Include="src\CharacterStuff\AttributeType.cpp">
      <Filter>Source Files</Filter>
    </ClCompile>
    <ClCompile Include="src\CharacterStuff\BodyPart.cpp">
      <Filter>Source Files</Filter>
    </ClCompile>
    <ClCompile Include="src\CharacterStuff\Abilities\Ability.cpp">
      <Filter>Source Files</Filter>
    </ClCompile>
    <ClCompile Include="src\CharacterStuff\Abilities\DynamicAbilitiesContainer.cpp">
      <Filter>Source Files</Filter>
    </ClCompile>
    <ClCompile Include="src\CharacterStuff\Abilities\AbilitiesContainer.cpp">
      <Filter>Source Files</Filter>
    </ClCompile>
    <ClCompile Include="src\CharacterStuff\Abilities\AbilitiesStorage.cpp">
      <Filter>Source Files</Filter>
    </ClCompile>
    <ClCompile Include="src\CharacterStuff\Abilities\AbilityType.cpp">
      <Filter>Source Files</Filter>
    </ClCompile>
    <ClCompile Include="src\Battle\DamageCalculator.cpp">
      <Filter>Source Files</Filter>
    </ClCompile>
  </ItemGroup>
</Project>