<?xml version="1.0" encoding="utf-8"?>
<Project ToolsVersion="4.0" xmlns="http://schemas.microsoft.com/developer/msbuild/2003">
  <ItemGroup>
    <Filter Include="Source Files">
      <UniqueIdentifier>{4FC737F1-C7A5-4376-A066-2A32D752A2FF}</UniqueIdentifier>
      <Extensions>cpp;c;cc;cxx;c++;cppm;ixx;def;odl;idl;hpj;bat;asm;asmx</Extensions>
    </Filter>
    <Filter Include="Header Files">
      <UniqueIdentifier>{93995380-89BD-4b04-88EB-625FBE52EBFB}</UniqueIdentifier>
      <Extensions>h;hh;hpp;hxx;h++;hm;inl;inc;ipp;xsd</Extensions>
    </Filter>
    <Filter Include="Resource Files">
      <UniqueIdentifier>{67DA6AB6-F800-4c08-8B7A-83BB121AAD01}</UniqueIdentifier>
      <Extensions>rc;ico;cur;bmp;dlg;rc2;rct;bin;rgs;gif;jpg;jpeg;jpe;resx;tiff;tif;png;wav;mfcribbon-ms</Extensions>
    </Filter>
  </ItemGroup>
  <ItemGroup>
    <ClCompile Include="FightClub.cpp">
      <Filter>Source Files</Filter>
    </ClCompile>
    <ClCompile Include="Menu.cpp">
      <Filter>Source Files</Filter>
    </ClCompile>
    <ClCompile Include="Characters\Character.cpp">
      <Filter>Source Files</Filter>
    </ClCompile>
    <ClCompile Include="Battle\Battle.cpp">
      <Filter>Source Files</Filter>
    </ClCompile>
    <ClCompile Include="Characters\Bots\Bot.cpp">
      <Filter>Source Files</Filter>
    </ClCompile>
    <ClCompile Include="Characters\Bots\BotFactory.cpp">
      <Filter>Source Files</Filter>
    </ClCompile>
    <ClCompile Include="Characters\Player.cpp">
      <Filter>Source Files</Filter>
    </ClCompile>
    <ClCompile Include="CharacterStuff\Equipment.cpp">
      <Filter>Source Files</Filter>
    </ClCompile>
    <ClCompile Include="IO\InputProcesser.cpp">
      <Filter>Source Files</Filter>
    </ClCompile>
    <ClCompile Include="Common\RandomGenerator.cpp">
      <Filter>Source Files</Filter>
    </ClCompile>
    <ClCompile Include="Battle\HitDirection.cpp">
      <Filter>Source Files</Filter>
    </ClCompile>
    <ClCompile Include="CharacterStuff\AttributesFactory.cpp">
      <Filter>Source Files</Filter>
    </ClCompile>
    <ClCompile Include="CharacterStuff\WeaponStorage.cpp">
      <Filter>Source Files</Filter>
    </ClCompile>
    <ClCompile Include="IO\Savers\JsonGameDataProcesser.cpp">
      <Filter>Source Files</Filter>
    </ClCompile>
  </ItemGroup>
  <ItemGroup>
    <ClInclude Include="Menu.h">
      <Filter>Header Files</Filter>
    </ClInclude>
    <ClInclude Include="IMenu.h">
      <Filter>Header Files</Filter>
    </ClInclude>
    <ClInclude Include="CharacterStuff\Attributes.h">
      <Filter>Header Files</Filter>
    </ClInclude>
    <ClInclude Include="CharacterStuff\Equipment.h">
      <Filter>Header Files</Filter>
    </ClInclude>
    <ClInclude Include="CharacterStuff\Weapon.h">
      <Filter>Header Files</Filter>
    </ClInclude>
    <ClInclude Include="Characters\Character.h">
      <Filter>Header Files</Filter>
    </ClInclude>
    <ClInclude Include="Battle\Battle.h">
      <Filter>Header Files</Filter>
    </ClInclude>
    <ClInclude Include="Battle\IBattle.h">
      <Filter>Header Files</Filter>
    </ClInclude>
    <ClInclude Include="Battle\DamageCalculator.h">
      <Filter>Header Files</Filter>
    </ClInclude>
    <ClInclude Include="Characters\Bots\Bot.h">
      <Filter>Header Files</Filter>
    </ClInclude>
    <ClInclude Include="Characters\Bots\BotFactory.h">
      <Filter>Header Files</Filter>
    </ClInclude>
    <ClInclude Include="Characters\Bots\IBotFactory.h">
      <Filter>Header Files</Filter>
    </ClInclude>
    <ClInclude Include="Battle\HitDirection.h">
      <Filter>Header Files</Filter>
    </ClInclude>
    <ClInclude Include="Characters\Player.h">
      <Filter>Header Files</Filter>
    </ClInclude>
    <ClInclude Include="IO\MessageDisplayer.h">
      <Filter>Header Files</Filter>
    </ClInclude>
    <ClInclude Include="IO\InputProcesser.h">
      <Filter>Header Files</Filter>
    </ClInclude>
    <ClInclude Include="Common\RandomGenerator.h">
      <Filter>Header Files</Filter>
    </ClInclude>
    <ClInclude Include="Common\Commands.h">
      <Filter>Header Files</Filter>
    </ClInclude>
    <ClInclude Include="Characters\CharacterType.h">
      <Filter>Header Files</Filter>
    </ClInclude>
    <ClInclude Include="CharacterStuff\AttributesFactory.h">
      <Filter>Header Files</Filter>
    </ClInclude>
    <ClInclude Include="CharacterStuff\IAttributesFactory.h">
      <Filter>Header Files</Filter>
    </ClInclude>
    <ClInclude Include="CharacterStuff\Weapons\PoorBrassKnuckles.h">
      <Filter>Header Files</Filter>
    </ClInclude>
    <ClInclude Include="CharacterStuff\Weapons\BrassKnucklesWithKnife.h">
      <Filter>Header Files</Filter>
    </ClInclude>
    <ClInclude Include="CharacterStuff\Weapons\Knife.h">
      <Filter>Header Files</Filter>
    </ClInclude>
    <ClInclude Include="CharacterStuff\Weapons\Claymore.h">
      <Filter>Header Files</Filter>
    </ClInclude>
    <ClInclude Include="CharacterStuff\Weapons\Rapier.h">
      <Filter>Header Files</Filter>
    </ClInclude>
    <ClInclude Include="CharacterStuff\IWeaponStorage.h">
      <Filter>Header Files</Filter>
    </ClInclude>
    <ClInclude Include="CharacterStuff\WeaponStorage.h">
      <Filter>Header Files</Filter>
    </ClInclude>
    <ClInclude Include="IO\Savers\GameDataProcesser.h">
      <Filter>Header Files</Filter>
    </ClInclude>
    <ClInclude Include="IO\Savers\JsonGameDataProcesser.h">
      <Filter>Header Files</Filter>
    </ClInclude>
    <ClInclude Include="CharacterStuff\Armors\Armor.h">
      <Filter>Header Files</Filter>
    </ClInclude>
  </ItemGroup>
</Project>