<?xml version="1.0" encoding="utf-8"?>
<Project ToolsVersion="4.0" xmlns="http://schemas.microsoft.com/developer/msbuild/2003">
  <ItemGroup>
    <Filter Include="Source Files">
      <UniqueIdentifier>{4FC737F1-C7A5-4376-A066-2A32D752A2FF}</UniqueIdentifier>
      <Extensions>cpp;c;cc;cxx;c++;cppm;ixx;def;odl;idl;hpj;bat;asm;asmx</Extensions>
    </Filter>
    <Filter Include="Header Files">
      <UniqueIdentifier>{93995380-89BD-4b04-88EB-625FBE52EBFB}</UniqueIdentifier>
      <Extensions>h;hh;hpp;hxx;h++;hm;inl;inc;ipp;xsd</Extensions>
    </Filter>
    <Filter Include="Resource Files">
      <UniqueIdentifier>{67DA6AB6-F800-4c08-8B7A-83BB121AAD01}</UniqueIdentifier>
      <Extensions>rc;ico;cur;bmp;dlg;rc2;rct;bin;rgs;gif;jpg;jpeg;jpe;resx;tiff;tif;png;wav;mfcribbon-ms</Extensions>
    </Filter>
  </ItemGroup>
  <ItemGroup>
    <ClCompile Include="FightClub.cpp">
      <Filter>Source Files</Filter>
    </ClCompile>
    <ClCompile Include="Menu.cpp">
      <Filter>Source Files</Filter>
    </ClCompile>
    <ClCompile Include="Characters\Character.cpp">
      <Filter>Source Files</Filter>
    </ClCompile>
    <ClCompile Include="Battle\Battle.cpp">
      <Filter>Source Files</Filter>
    </ClCompile>
    <ClCompile Include="Characters\Bots\Bot.cpp">
      <Filter>Source Files</Filter>
    </ClCompile>
    <ClCompile Include="Characters\Bots\BotFactory.cpp">
      <Filter>Source Files</Filter>
    </ClCompile>
    <ClCompile Include="Characters\Player.cpp">
      <Filter>Source Files</Filter>
    </ClCompile>
    <ClCompile Include="CharacterStuff\Equipment.cpp">
      <Filter>Source Files</Filter>
    </ClCompile>
    <ClCompile Include="IO\InputProcesser.cpp">
      <Filter>Source Files</Filter>
    </ClCompile>
    <ClCompile Include="Common\RandomGenerator.cpp">
      <Filter>Source Files</Filter>
    </ClCompile>
    <ClCompile Include="Battle\HitDirection.cpp">
      <Filter>Source Files</Filter>
    </ClCompile>
    <ClCompile Include="CharacterStuff\AttributesFactory.cpp">
      <Filter>Source Files</Filter>
    </ClCompile>
    <ClCompile Include="IO\Savers\JsonGameDataProcesser.cpp">
      <Filter>Source Files</Filter>
    </ClCompile>
    <ClCompile Include="CharacterStuff\Armors\ArmorStorage.cpp">
      <Filter>Source Files</Filter>
    </ClCompile>
    <ClCompile Include="Common\Configs\Config.cpp">
      <Filter>Source Files</Filter>
    </ClCompile>
    <ClCompile Include="Common\Configs\PlayerConfig.cpp">
      <Filter>Source Files</Filter>
    </ClCompile>
    <ClCompile Include="Characters\CharacterFactory.cpp">
      <Filter>Source Files</Filter>
    </ClCompile>
    <ClCompile Include="Common\Configs\ConfigKeys.cpp">
      <Filter>Source Files</Filter>
    </ClCompile>
    <ClCompile Include="CharacterStuff\Weapons\WeaponStorage.cpp">
      <Filter>Source Files</Filter>
    </ClCompile>
    <ClCompile Include="IO\JsonAttributes.cpp">
      <Filter>Source Files</Filter>
    </ClCompile>
    <ClCompile Include="CharacterStuff\InventoryManager.cpp">
      <Filter>Source Files</Filter>
    </ClCompile>
  </ItemGroup>
  <ItemGroup>
    <ClInclude Include="Headers\IO\Savers\JsonGameDataProcesser.h">
      <Filter>Header Files</Filter>
    </ClInclude>
    <ClInclude Include="Headers\IO\InputProcesser.h">
      <Filter>Header Files</Filter>
    </ClInclude>
    <ClInclude Include="Headers\Common\Configs\Config.h">
      <Filter>Header Files</Filter>
    </ClInclude>
    <ClInclude Include="Headers\Common\Configs\ConfigKeys.h">
      <Filter>Header Files</Filter>
    </ClInclude>
    <ClInclude Include="Headers\Common\Configs\IPlayerConfig.h">
      <Filter>Header Files</Filter>
    </ClInclude>
    <ClInclude Include="Headers\Common\Configs\PlayerConfig.h">
      <Filter>Header Files</Filter>
    </ClInclude>
    <ClInclude Include="Headers\Common\RandomGenerator.h">
      <Filter>Header Files</Filter>
    </ClInclude>
    <ClInclude Include="Headers\CharacterStuff\Armors\Armor.h">
      <Filter>Header Files</Filter>
    </ClInclude>
    <ClInclude Include="Headers\CharacterStuff\Armors\ArmorStorage.h">
      <Filter>Header Files</Filter>
    </ClInclude>
    <ClInclude Include="Headers\CharacterStuff\Armors\IArmorStorage.h">
      <Filter>Header Files</Filter>
    </ClInclude>
    <ClInclude Include="Headers\CharacterStuff\Weapons\IWeaponStorage.h">
      <Filter>Header Files</Filter>
    </ClInclude>
    <ClInclude Include="Headers\CharacterStuff\Weapons\Weapon.h">
      <Filter>Header Files</Filter>
    </ClInclude>
    <ClInclude Include="Headers\CharacterStuff\Weapons\WeaponStorage.h">
      <Filter>Header Files</Filter>
    </ClInclude>
    <ClInclude Include="Headers\CharacterStuff\Equipment.h">
      <Filter>Header Files</Filter>
    </ClInclude>
    <ClInclude Include="Headers\CharacterStuff\AttributesFactory.h">
      <Filter>Header Files</Filter>
    </ClInclude>
    <ClInclude Include="Headers\CharacterStuff\Attributes.h">
      <Filter>Header Files</Filter>
    </ClInclude>
    <ClInclude Include="Headers\IO\Savers\GameDataProcesser.h">
      <Filter>Header Files</Filter>
    </ClInclude>
    <ClInclude Include="Headers\CharacterStuff\IAttributesFactory.h">
      <Filter>Header Files</Filter>
    </ClInclude>
    <ClInclude Include="Headers\Common\Configs\IConfig.h">
      <Filter>Header Files</Filter>
    </ClInclude>
    <ClInclude Include="Headers\Characters\Character.h">
      <Filter>Header Files</Filter>
    </ClInclude>
    <ClInclude Include="Headers\Characters\CharacterFactory.h">
      <Filter>Header Files</Filter>
    </ClInclude>
    <ClInclude Include="Headers\Characters\CharacterType.h">
      <Filter>Header Files</Filter>
    </ClInclude>
    <ClInclude Include="Headers\Characters\ICharacterFactory.h">
      <Filter>Header Files</Filter>
    </ClInclude>
    <ClInclude Include="Headers\Characters\Player.h">
      <Filter>Header Files</Filter>
    </ClInclude>
    <ClInclude Include="Headers\Characters\Bots\Bot.h">
      <Filter>Header Files</Filter>
    </ClInclude>
    <ClInclude Include="Headers\Characters\Bots\BotFactory.h">
      <Filter>Header Files</Filter>
    </ClInclude>
    <ClInclude Include="Headers\Characters\Bots\IBotFactory.h">
      <Filter>Header Files</Filter>
    </ClInclude>
    <ClInclude Include="Headers\Battle\IBattle.h">
      <Filter>Header Files</Filter>
    </ClInclude>
    <ClInclude Include="Headers\Battle\HitDirection.h">
      <Filter>Header Files</Filter>
    </ClInclude>
    <ClInclude Include="Headers\Battle\DamageCalculator.h">
      <Filter>Header Files</Filter>
    </ClInclude>
    <ClInclude Include="Headers\Battle\Battle.h">
      <Filter>Header Files</Filter>
    </ClInclude>
    <ClInclude Include="Headers\IMenu.h">
      <Filter>Header Files</Filter>
    </ClInclude>
    <ClInclude Include="Headers\Menu.h">
      <Filter>Header Files</Filter>
    </ClInclude>
    <ClInclude Include="Headers\IO\MessageDisplayer.h">
      <Filter>Header Files</Filter>
    </ClInclude>
    <ClInclude Include="Headers\Common\Commands.h">
      <Filter>Header Files</Filter>
    </ClInclude>
    <ClInclude Include="Headers\IO\JsonAttributes.h">
      <Filter>Header Files</Filter>
    </ClInclude>
    <ClInclude Include="Headers\Models\UserDataModel.h">
      <Filter>Header Files</Filter>
    </ClInclude>
    <ClInclude Include="Headers\CharacterStuff\IInventoryManager.h">
      <Filter>Header Files</Filter>
    </ClInclude>
    <ClInclude Include="Headers\CharacterStuff\InventoryManager.h">
      <Filter>Header Files</Filter>
    </ClInclude>
  </ItemGroup>
  <ItemGroup>
    <Text Include="config.txt" />
  </ItemGroup>
  <ItemGroup>
    <None Include="Common\Data\Armors.json" />
    <None Include="Common\Data\Weapons.json" />
  </ItemGroup>
</Project>